<?xml version="1.0" encoding="utf-8"?>
<Project ToolsVersion="4.0" xmlns="http://schemas.microsoft.com/developer/msbuild/2003">
  <ItemGroup>
    <Filter Include="Quelldateien">
      <UniqueIdentifier>{4FC737F1-C7A5-4376-A066-2A32D752A2FF}</UniqueIdentifier>
      <Extensions>cpp;c;cc;cxx;c++;cppm;ixx;def;odl;idl;hpj;bat;asm;asmx</Extensions>
    </Filter>
    <Filter Include="Headerdateien">
      <UniqueIdentifier>{93995380-89BD-4b04-88EB-625FBE52EBFB}</UniqueIdentifier>
      <Extensions>h;hh;hpp;hxx;h++;hm;inl;inc;ipp;xsd</Extensions>
    </Filter>
    <Filter Include="Ressourcendateien">
      <UniqueIdentifier>{67DA6AB6-F800-4c08-8B7A-83BB121AAD01}</UniqueIdentifier>
      <Extensions>rc;ico;cur;bmp;dlg;rc2;rct;bin;rgs;gif;jpg;jpeg;jpe;resx;tiff;tif;png;wav;mfcribbon-ms</Extensions>
    </Filter>
  </ItemGroup>
  <ItemGroup>
    <ClCompile Include="src\main.cpp">
      <Filter>Quelldateien</Filter>
    </ClCompile>
    <ClCompile Include="src\Window.cpp">
      <Filter>Quelldateien</Filter>
    </ClCompile>
    <ClCompile Include="src\Graphics.cpp">
      <Filter>Quelldateien</Filter>
    </ClCompile>
    <ClCompile Include="src\Camera.cpp">
      <Filter>Quelldateien</Filter>
    </ClCompile>
    <ClCompile Include="src\Mesh.cpp">
      <Filter>Quelldateien</Filter>
    </ClCompile>
    <ClCompile Include="src\GameObject.cpp">
      <Filter>Quelldateien</Filter>
    </ClCompile>
    <ClCompile Include="src\Input.cpp">
      <Filter>Quelldateien</Filter>
    </ClCompile>
    <ClCompile Include="src\Game.cpp">
      <Filter>Quelldateien</Filter>
    </ClCompile>
    <ClCompile Include="src\Material.cpp">
      <Filter>Quelldateien</Filter>
    </ClCompile>
    <ClCompile Include="src\ModelLoader.cpp">
      <Filter>Quelldateien</Filter>
    </ClCompile>
    <ClCompile Include="src\TextureLoader.cpp">
      <Filter>Quelldateien</Filter>
    </ClCompile>
    <ClCompile Include="src\SimpleFont.cpp">
      <Filter>Quelldateien</Filter>
    </ClCompile>
    <ClCompile Include="src\Shader.cpp">
      <Filter>Quelldateien</Filter>
    </ClCompile>
    <ClCompile Include="src\Skybox.cpp">
      <Filter>Quelldateien</Filter>
    </ClCompile>
    <ClCompile Include="src\PostProcess.cpp">
      <Filter>Quelldateien</Filter>
    </ClCompile>
    <ClCompile Include="src\Renderer.cpp">
      <Filter>Quelldateien</Filter>
    </ClCompile>
    <ClCompile Include="src\AssetManager.cpp">
      <Filter>Quelldateien</Filter>
    </ClCompile>
    <ClCompile Include="src\UIRenderer.cpp">
      <Filter>Quelldateien</Filter>
    </ClCompile>
    <ClCompile Include="src\PhysicsSystem.cpp">
      <Filter>Quelldateien</Filter>
    </ClCompile>
    <ClCompile Include="src\Player.cpp">
      <Filter>Quelldateien</Filter>
    </ClCompile>
    <ClCompile Include="src\Bullet.cpp">
      <Filter>Quelldateien</Filter>
    </ClCompile>
    <ClCompile Include="src\Gun.cpp">
      <Filter>Quelldateien</Filter>
    </ClCompile>
    <ClCompile Include="src\HealthObject.cpp">
      <Filter>Quelldateien</Filter>
    </ClCompile>
    <ClCompile Include="src\Transform.cpp">
      <Filter>Quelldateien</Filter>
    </ClCompile>
    <ClCompile Include="src\Crosshair.cpp">
      <Filter>Quelldateien</Filter>
    </ClCompile>
    <ClCompile Include="src\Scene.cpp">
      <Filter>Quelldateien</Filter>
    </ClCompile>
    <ClCompile Include="src\PhysicsBody.cpp">
      <Filter>Quelldateien</Filter>
    </ClCompile>
  </ItemGroup>
  <ItemGroup>
    <ClInclude Include="src\include\Window.h">
      <Filter>Headerdateien</Filter>
    </ClInclude>
    <ClInclude Include="src\include\Graphics.h">
      <Filter>Headerdateien</Filter>
    </ClInclude>
    <ClInclude Include="src\include\Camera.h">
      <Filter>Headerdateien</Filter>
    </ClInclude>
    <ClInclude Include="src\include\Mesh.h">
      <Filter>Headerdateien</Filter>
    </ClInclude>
    <ClInclude Include="src\include\GameObject.h">
      <Filter>Headerdateien</Filter>
    </ClInclude>
    <ClInclude Include="src\include\Input.h">
      <Filter>Headerdateien</Filter>
    </ClInclude>
    <ClInclude Include="src\include\Game.h">
      <Filter>Headerdateien</Filter>
    </ClInclude>
    <ClInclude Include="src\include\EnginePCH.h">
      <Filter>Headerdateien</Filter>
    </ClInclude>
    <ClInclude Include="src\include\Material.h">
      <Filter>Headerdateien</Filter>
    </ClInclude>
    <ClInclude Include="src\include\ModelLoader.h">
      <Filter>Headerdateien</Filter>
    </ClInclude>
    <ClInclude Include="src\include\TextureLoader.h">
      <Filter>Headerdateien</Filter>
    </ClInclude>
    <ClInclude Include="src\include\SimpleFont.h">
      <Filter>Headerdateien</Filter>
    </ClInclude>
    <ClInclude Include="src\include\Shader.h">
      <Filter>Headerdateien</Filter>
    </ClInclude>
    <ClInclude Include="src\include\Skybox.h">
      <Filter>Headerdateien</Filter>
    </ClInclude>
    <ClInclude Include="src\include\PostProcess.h">
      <Filter>Headerdateien</Filter>
    </ClInclude>
    <ClInclude Include="src\include\Renderer.h">
      <Filter>Headerdateien</Filter>
    </ClInclude>
    <ClInclude Include="src\include\AssetManager.h">
      <Filter>Headerdateien</Filter>
    </ClInclude>
    <ClInclude Include="src\include\Collision.h">
      <Filter>Headerdateien</Filter>
    </ClInclude>
    <ClInclude Include="src\include\UIRenderer.h">
      <Filter>Headerdateien</Filter>
    </ClInclude>
    <ClInclude Include="src\include\PhysicsSystem.h">
      <Filter>Headerdateien</Filter>
    </ClInclude>
    <ClInclude Include="src\include\Player.h">
      <Filter>Headerdateien</Filter>
    </ClInclude>
    <ClInclude Include="src\include\Bullet.h">
      <Filter>Headerdateien</Filter>
    </ClInclude>
    <ClInclude Include="src\include\Gun.h">
      <Filter>Headerdateien</Filter>
    </ClInclude>
    <ClInclude Include="src\include\HealthObject.h">
      <Filter>Headerdateien</Filter>
    </ClInclude>
    <ClInclude Include="src\include\Transform.h">
      <Filter>Headerdateien</Filter>
    </ClInclude>
    <ClInclude Include="src\include\Crosshair.h">
      <Filter>Headerdateien</Filter>
    </ClInclude>
    <ClInclude Include="src\include\Scene.h">
      <Filter>Headerdateien</Filter>
    </ClInclude>
    <ClInclude Include="src\include\PhysicsBody.h">
      <Filter>Headerdateien</Filter>
    </ClInclude>
  </ItemGroup>
  <ItemGroup>
    <None Include="Assets\Models\interieur.obj" />
    <None Include="Assets\Models\windmill.obj" />
    <None Include="Assets\Models\city.obj" />
    <None Include="Assets\Models\basic\cube.mtl" />
    <None Include="Assets\Models\basic\cube.obj" />
    <None Include="Assets\Models\basic\cone.mtl" />
    <None Include="Assets\Models\basic\cylinder.mtl" />
    <None Include="Assets\Models\basic\sphere.mtl" />
    <None Include="Assets\Models\basic\torus.mtl" />
    <None Include="Assets\Models\basic\torus.obj" />
    <None Include="Assets\Models\basic\sphere.obj" />
    <None Include="Assets\Models\basic\cylinder.obj" />
    <None Include="Assets\Models\basic\cone.obj" />
    <None Include="Assets\Shaders\Shadow.hlsl" />
    <None Include="Assets\Shaders\Standard.hlsl" />
    <None Include="Assets\Shaders\Skybox.hlsl" />
    <None Include="Assets\Shaders\PostProcess.hlsl" />
    <None Include="Assets\Shaders\UIPixelShader.hlsl" />
    <None Include="Assets\Shaders\UIVertexShader.hlsl" />
    <None Include="Assets\Shaders\Debug.hlsl" />
    <None Include="Assets\Models\monkey.mtl" />
    <None Include="Assets\Models\basic\ball.mtl" />
    <None Include="Assets\Models\basic\capsule.mtl" />
    <None Include="Assets\Models\basic\ball.obj" />
    <None Include="Assets\Models\basic\capsule.obj" />
    <None Include="Assets\Models\monkey.obj" />
  </ItemGroup>
  <ItemGroup>
    <Image Include="Assets\Textures\blue_metal_plate_diff_4k.jpg">
      <Filter>Ressourcendateien</Filter>
    </Image>
    <Image Include="Assets\Textures\blue_metal_plate_disp_4k.png">
      <Filter>Ressourcendateien</Filter>
    </Image>
    <Image Include="Assets\Textures\pine_bark_diff_4k.jpg">
      <Filter>Ressourcendateien</Filter>
    </Image>
    <Image Include="Assets\Textures\pine_bark_disp_4k.png">
      <Filter>Ressourcendateien</Filter>
    </Image>
    <Image Include="Assets\Textures\snow_02_diff_4k.jpg">
      <Filter>Ressourcendateien</Filter>
    </Image>
    <Image Include="Assets\Textures\snow_02_disp_4k.png">
      <Filter>Ressourcendateien</Filter>
    </Image>
    <Image Include="Assets\Textures\snow_02_rough_4k.jpg">
      <Filter>Ressourcendateien</Filter>
    </Image>
    <Image Include="Assets\Textures\snow_02_translucent_4k.png">
      <Filter>Ressourcendateien</Filter>
    </Image>
    <Image Include="Assets\Textures\sky2.jpg">
      <Filter>Ressourcendateien</Filter>
    </Image>
    <Image Include="Assets\Textures\sky.jpg">
      <Filter>Ressourcendateien</Filter>
    </Image>
  </ItemGroup>
  <ItemGroup>
    <Text Include="CMakeLists.txt" />
  </ItemGroup>
</Project>